
Microsoft Visual Studio Solution File, Format Version 12.00
# Visual Studio Version 16
VisualStudioVersion = 16.0.30011.22
MinimumVisualStudioVersion = 10.0.40219.1
Project("{F184B08F-C81C-45F6-A57F-5ABD9991F28F}") = "ApiRestBizzzual", "ApiRestBizzzual\ApiRestBizzzual.vbproj", "{F56453AC-C063-4946-9B44-2CF1B34215F3}"
EndProject
Global
	GlobalSection(SolutionConfigurationPlatforms) = preSolution
		Debug|Any CPU = Debug|Any CPU
		Release|Any CPU = Release|Any CPU
	EndGlobalSection
	GlobalSection(ProjectConfigurationPlatforms) = postSolution
		{F56453AC-C063-4946-9B44-2CF1B34215F3}.Debug|Any CPU.ActiveCfg = Debug|Any CPU
		{F56453AC-C063-4946-9B44-2CF1B34215F3}.Debug|Any CPU.Build.0 = Debug|Any CPU
		{F56453AC-C063-4946-9B44-2CF1B34215F3}.Release|Any CPU.ActiveCfg = Release|Any CPU
		{F56453AC-C063-4946-9B44-2CF1B34215F3}.Release|Any CPU.Build.0 = Release|Any CPU
	EndGlobalSection
	GlobalSection(SolutionProperties) = preSolution
		HideSolutionNode = FALSE
	EndGlobalSection
	GlobalSection(ExtensibilityGlobals) = postSolution
		SolutionGuid = {62F7AA60-F596-4B72-A589-8142871FB0A9}
	EndGlobalSection
EndGlobal
